
Microsoft Visual Studio Solution File, Format Version 12.00
# Visual Studio Version 17
VisualStudioVersion = 17.8.34511.84
MinimumVisualStudioVersion = 10.0.40219.1
Project("{FAE04EC0-301F-11D3-BF4B-00C04F79EFBC}") = "Magazyn", "Magazyn.csproj", "{C4ADB999-5F84-4B4D-A855-94F326C52CAD}"
EndProject
Global
	GlobalSection(SolutionConfigurationPlatforms) = preSolution
		Debug|Any CPU = Debug|Any CPU
		Release|Any CPU = Release|Any CPU
	EndGlobalSection
	GlobalSection(ProjectConfigurationPlatforms) = postSolution
		{C4ADB999-5F84-4B4D-A855-94F326C52CAD}.Debug|Any CPU.ActiveCfg = Debug|Any CPU
		{C4ADB999-5F84-4B4D-A855-94F326C52CAD}.Debug|Any CPU.Build.0 = Debug|Any CPU
		{C4ADB999-5F84-4B4D-A855-94F326C52CAD}.Release|Any CPU.ActiveCfg = Release|Any CPU
		{C4ADB999-5F84-4B4D-A855-94F326C52CAD}.Release|Any CPU.Build.0 = Release|Any CPU
	EndGlobalSection
	GlobalSection(SolutionProperties) = preSolution
		HideSolutionNode = FALSE
	EndGlobalSection
	GlobalSection(ExtensibilityGlobals) = postSolution
		SolutionGuid = {0A97B4B6-FFE4-437B-BF74-2057F7DF6FD4}
	EndGlobalSection
EndGlobal
